
Microsoft Visual Studio Solution File, Format Version 12.00
# Visual Studio 15
VisualStudioVersion = 15.0.26430.16
MinimumVisualStudioVersion = 10.0.40219.1
Project("{FAE04EC0-301F-11D3-BF4B-00C04F79EFBC}") = "html_create", "html_create\html_create.csproj", "{9210058F-72B5-41C1-8DFF-F4279D8D47EA}"
EndProject
Global
	GlobalSection(SolutionConfigurationPlatforms) = preSolution
		Debug|Any CPU = Debug|Any CPU
		Release|Any CPU = Release|Any CPU
	EndGlobalSection
	GlobalSection(ProjectConfigurationPlatforms) = postSolution
		{9210058F-72B5-41C1-8DFF-F4279D8D47EA}.Debug|Any CPU.ActiveCfg = Debug|Any CPU
		{9210058F-72B5-41C1-8DFF-F4279D8D47EA}.Debug|Any CPU.Build.0 = Debug|Any CPU
		{9210058F-72B5-41C1-8DFF-F4279D8D47EA}.Release|Any CPU.ActiveCfg = Release|Any CPU
		{9210058F-72B5-41C1-8DFF-F4279D8D47EA}.Release|Any CPU.Build.0 = Release|Any CPU
	EndGlobalSection
	GlobalSection(SolutionProperties) = preSolution
		HideSolutionNode = FALSE
	EndGlobalSection
EndGlobal
